
Microsoft Visual Studio Solution File, Format Version 12.00
# Visual Studio Version 17
VisualStudioVersion = 17.4.33213.308
MinimumVisualStudioVersion = 10.0.40219.1
Project("{FAE04EC0-301F-11D3-BF4B-00C04F79EFBC}") = "Objects and Classes", "Objects and Classes\Objects and Classes.csproj", "{10DD37A1-B099-4A39-9874-C77FDDACEF8F}"
EndProject
Global
	GlobalSection(SolutionConfigurationPlatforms) = preSolution
		Debug|Any CPU = Debug|Any CPU
		Release|Any CPU = Release|Any CPU
	EndGlobalSection
	GlobalSection(ProjectConfigurationPlatforms) = postSolution
		{10DD37A1-B099-4A39-9874-C77FDDACEF8F}.Debug|Any CPU.ActiveCfg = Debug|Any CPU
		{10DD37A1-B099-4A39-9874-C77FDDACEF8F}.Debug|Any CPU.Build.0 = Debug|Any CPU
		{10DD37A1-B099-4A39-9874-C77FDDACEF8F}.Release|Any CPU.ActiveCfg = Release|Any CPU
		{10DD37A1-B099-4A39-9874-C77FDDACEF8F}.Release|Any CPU.Build.0 = Release|Any CPU
	EndGlobalSection
	GlobalSection(SolutionProperties) = preSolution
		HideSolutionNode = FALSE
	EndGlobalSection
	GlobalSection(ExtensibilityGlobals) = postSolution
		SolutionGuid = {B22076E6-D358-446F-95B5-5783C74AD50B}
	EndGlobalSection
EndGlobal
